
Microsoft Visual Studio Solution File, Format Version 12.00
# Visual Studio Version 16
VisualStudioVersion = 16.0.29409.12
MinimumVisualStudioVersion = 10.0.40219.1
Project("{9A19103F-16F7-4668-BE54-9A1E7A4F7556}") = "SleepyShark.Caching", "src\SleepyShark.Caching\SleepyShark.Caching.csproj", "{DA551A71-90D9-4DD6-BFF8-89DF734ED0F1}"
EndProject
Project("{2150E333-8FDC-42A3-9474-1A3956D46DE8}") = "src", "src", "{C2B2C8CA-A902-4A1E-8FFC-41F142112343}"
EndProject
Project("{2150E333-8FDC-42A3-9474-1A3956D46DE8}") = "samples", "samples", "{E89D3850-6717-4C78-A14D-961AB2679F8C}"
EndProject
Project("{FAE04EC0-301F-11D3-BF4B-00C04F79EFBC}") = "SampleClient", "samples\SampleClient\SampleClient.csproj", "{E66E3DCC-CB61-443E-8F23-ACC6D690F859}"
EndProject
Project("{FAE04EC0-301F-11D3-BF4B-00C04F79EFBC}") = "SleepyShark.Caching.InMemory", "src\SleepyShark.Caching.InMemory\SleepyShark.Caching.InMemory.csproj", "{A20BD11B-EBC6-4393-8674-8896E8853EF5}"
EndProject
Project("{FAE04EC0-301F-11D3-BF4B-00C04F79EFBC}") = "SleepyShark.Caching.Connector", "src\SleepyShark.Caching.Connector\SleepyShark.Caching.Connector.csproj", "{D0926C84-F921-4C61-A072-277ACF813576}"
EndProject
Project("{FAE04EC0-301F-11D3-BF4B-00C04F79EFBC}") = "SleepyShark.Caching.Core", "src\SleepyShark.Caching.Core\SleepyShark.Caching.Core.csproj", "{7FB2A192-2615-4D36-B13C-F619F06B4C72}"
EndProject
Global
	GlobalSection(SolutionConfigurationPlatforms) = preSolution
		Debug|Any CPU = Debug|Any CPU
		Release|Any CPU = Release|Any CPU
	EndGlobalSection
	GlobalSection(ProjectConfigurationPlatforms) = postSolution
		{DA551A71-90D9-4DD6-BFF8-89DF734ED0F1}.Debug|Any CPU.ActiveCfg = Debug|Any CPU
		{DA551A71-90D9-4DD6-BFF8-89DF734ED0F1}.Debug|Any CPU.Build.0 = Debug|Any CPU
		{DA551A71-90D9-4DD6-BFF8-89DF734ED0F1}.Release|Any CPU.ActiveCfg = Release|Any CPU
		{DA551A71-90D9-4DD6-BFF8-89DF734ED0F1}.Release|Any CPU.Build.0 = Release|Any CPU
		{E66E3DCC-CB61-443E-8F23-ACC6D690F859}.Debug|Any CPU.ActiveCfg = Debug|Any CPU
		{E66E3DCC-CB61-443E-8F23-ACC6D690F859}.Debug|Any CPU.Build.0 = Debug|Any CPU
		{E66E3DCC-CB61-443E-8F23-ACC6D690F859}.Release|Any CPU.ActiveCfg = Release|Any CPU
		{E66E3DCC-CB61-443E-8F23-ACC6D690F859}.Release|Any CPU.Build.0 = Release|Any CPU
		{A20BD11B-EBC6-4393-8674-8896E8853EF5}.Debug|Any CPU.ActiveCfg = Debug|Any CPU
		{A20BD11B-EBC6-4393-8674-8896E8853EF5}.Debug|Any CPU.Build.0 = Debug|Any CPU
		{A20BD11B-EBC6-4393-8674-8896E8853EF5}.Release|Any CPU.ActiveCfg = Release|Any CPU
		{A20BD11B-EBC6-4393-8674-8896E8853EF5}.Release|Any CPU.Build.0 = Release|Any CPU
		{D0926C84-F921-4C61-A072-277ACF813576}.Debug|Any CPU.ActiveCfg = Debug|Any CPU
		{D0926C84-F921-4C61-A072-277ACF813576}.Debug|Any CPU.Build.0 = Debug|Any CPU
		{D0926C84-F921-4C61-A072-277ACF813576}.Release|Any CPU.ActiveCfg = Release|Any CPU
		{D0926C84-F921-4C61-A072-277ACF813576}.Release|Any CPU.Build.0 = Release|Any CPU
		{7FB2A192-2615-4D36-B13C-F619F06B4C72}.Debug|Any CPU.ActiveCfg = Debug|Any CPU
		{7FB2A192-2615-4D36-B13C-F619F06B4C72}.Debug|Any CPU.Build.0 = Debug|Any CPU
		{7FB2A192-2615-4D36-B13C-F619F06B4C72}.Release|Any CPU.ActiveCfg = Release|Any CPU
		{7FB2A192-2615-4D36-B13C-F619F06B4C72}.Release|Any CPU.Build.0 = Release|Any CPU
	EndGlobalSection
	GlobalSection(SolutionProperties) = preSolution
		HideSolutionNode = FALSE
	EndGlobalSection
	GlobalSection(NestedProjects) = preSolution
		{DA551A71-90D9-4DD6-BFF8-89DF734ED0F1} = {C2B2C8CA-A902-4A1E-8FFC-41F142112343}
		{E66E3DCC-CB61-443E-8F23-ACC6D690F859} = {E89D3850-6717-4C78-A14D-961AB2679F8C}
		{A20BD11B-EBC6-4393-8674-8896E8853EF5} = {C2B2C8CA-A902-4A1E-8FFC-41F142112343}
		{D0926C84-F921-4C61-A072-277ACF813576} = {C2B2C8CA-A902-4A1E-8FFC-41F142112343}
		{7FB2A192-2615-4D36-B13C-F619F06B4C72} = {C2B2C8CA-A902-4A1E-8FFC-41F142112343}
	EndGlobalSection
	GlobalSection(ExtensibilityGlobals) = postSolution
		SolutionGuid = {66C2487C-D216-4618-AA41-693EEA2A4D89}
	EndGlobalSection
EndGlobal
